// !$*UTF8*$!
{
	archiveVersion = 1;
	classes = {
	};
	objectVersion = 48;
	objects = {

/* Begin PBXBuildFile section */
		F3A8D775FDE00E68287CDC7E /* Pods_myAppLogin2.framework in Frameworks */ = {isa = PBXBuildFile; fileRef = 17A80B55E46B53764D8C24A9 /* Pods_myAppLogin2.framework */; };
		F7CFC9B01F9207F6007A1C62 /* Inceptionv3.mlmodel in Sources */ = {isa = PBXBuildFile; fileRef = F7CFC9AF1F9207E9007A1C62 /* Inceptionv3.mlmodel */; };
		F7CFC9B11F92080B007A1C62 /* Inceptionv3.mlmodel in Resources */ = {isa = PBXBuildFile; fileRef = F7CFC9AF1F9207E9007A1C62 /* Inceptionv3.mlmodel */; };
		F7CFC9B31F92114E007A1C62 /* pin.png in Resources */ = {isa = PBXBuildFile; fileRef = F7CFC9B21F921146007A1C62 /* pin.png */; };
		F7E87D971F930D00003EA613 /* p5VC.swift in Sources */ = {isa = PBXBuildFile; fileRef = F7E87D961F930D00003EA613 /* p5VC.swift */; };
		F7E87D9D1F9357BF003EA613 /* GoogleService-Info.plist in Resources */ = {isa = PBXBuildFile; fileRef = F7E87D9C1F9357B7003EA613 /* GoogleService-Info.plist */; };
		F7E965841F8F719600FA7C43 /* AppDelegate.swift in Sources */ = {isa = PBXBuildFile; fileRef = F7E965831F8F719600FA7C43 /* AppDelegate.swift */; };
		F7E965861F8F719600FA7C43 /* ViewController.swift in Sources */ = {isa = PBXBuildFile; fileRef = F7E965851F8F719600FA7C43 /* ViewController.swift */; };
		F7E965891F8F719600FA7C43 /* Main.storyboard in Resources */ = {isa = PBXBuildFile; fileRef = F7E965871F8F719600FA7C43 /* Main.storyboard */; };
		F7E9658B1F8F719600FA7C43 /* Assets.xcassets in Resources */ = {isa = PBXBuildFile; fileRef = F7E9658A1F8F719600FA7C43 /* Assets.xcassets */; };
		F7E9658E1F8F719600FA7C43 /* LaunchScreen.storyboard in Resources */ = {isa = PBXBuildFile; fileRef = F7E9658C1F8F719600FA7C43 /* LaunchScreen.storyboard */; };
		F7E965961F8F7A5900FA7C43 /* p2VC.swift in Sources */ = {isa = PBXBuildFile; fileRef = F7E965951F8F7A5900FA7C43 /* p2VC.swift */; };
		F7E965981F8F9BF000FA7C43 /* p3VC.swift in Sources */ = {isa = PBXBuildFile; fileRef = F7E965971F8F9BF000FA7C43 /* p3VC.swift */; };
		F7F849E61F909277002BED9E /* p4VC.swift in Sources */ = {isa = PBXBuildFile; fileRef = F7F849E51F909277002BED9E /* p4VC.swift */; };
		F7F849EA1F90E6A2002BED9E /* p4TVCell.swift in Sources */ = {isa = PBXBuildFile; fileRef = F7F849E91F90E6A2002BED9E /* p4TVCell.swift */; };
/* End PBXBuildFile section */

/* Begin PBXFileReference section */
		13617011EACE0E096D8F6794 /* Pods-myAppLogin2.release.xcconfig */ = {isa = PBXFileReference; includeInIndex = 1; lastKnownFileType = text.xcconfig; name = "Pods-myAppLogin2.release.xcconfig"; path = "Pods/Target Support Files/Pods-myAppLogin2/Pods-myAppLogin2.release.xcconfig"; sourceTree = "<group>"; };
		17A80B55E46B53764D8C24A9 /* Pods_myAppLogin2.framework */ = {isa = PBXFileReference; explicitFileType = wrapper.framework; includeInIndex = 0; path = Pods_myAppLogin2.framework; sourceTree = BUILT_PRODUCTS_DIR; };
		4B0138FDC538EAFC8D783E51 /* Pods-myAppLogin2.debug.xcconfig */ = {isa = PBXFileReference; includeInIndex = 1; lastKnownFileType = text.xcconfig; name = "Pods-myAppLogin2.debug.xcconfig"; path = "Pods/Target Support Files/Pods-myAppLogin2/Pods-myAppLogin2.debug.xcconfig"; sourceTree = "<group>"; };
		F7CFC9AF1F9207E9007A1C62 /* Inceptionv3.mlmodel */ = {isa = PBXFileReference; lastKnownFileType = file.mlmodel; path = Inceptionv3.mlmodel; sourceTree = "<group>"; };
		F7CFC9B21F921146007A1C62 /* pin.png */ = {isa = PBXFileReference; lastKnownFileType = image.png; path = pin.png; sourceTree = "<group>"; };
		F7E87D961F930D00003EA613 /* p5VC.swift */ = {isa = PBXFileReference; lastKnownFileType = sourcecode.swift; path = p5VC.swift; sourceTree = "<group>"; };
		F7E87D9C1F9357B7003EA613 /* GoogleService-Info.plist */ = {isa = PBXFileReference; lastKnownFileType = text.plist.xml; path = "GoogleService-Info.plist"; sourceTree = "<group>"; };
		F7E965801F8F719600FA7C43 /* myAppLogin2.app */ = {isa = PBXFileReference; explicitFileType = wrapper.application; includeInIndex = 0; path = myAppLogin2.app; sourceTree = BUILT_PRODUCTS_DIR; };
		F7E965831F8F719600FA7C43 /* AppDelegate.swift */ = {isa = PBXFileReference; lastKnownFileType = sourcecode.swift; path = AppDelegate.swift; sourceTree = "<group>"; };
		F7E965851F8F719600FA7C43 /* ViewController.swift */ = {isa = PBXFileReference; lastKnownFileType = sourcecode.swift; path = ViewController.swift; sourceTree = "<group>"; };
		F7E965881F8F719600FA7C43 /* Base */ = {isa = PBXFileReference; lastKnownFileType = file.storyboard; name = Base; path = Base.lproj/Main.storyboard; sourceTree = "<group>"; };
		F7E9658A1F8F719600FA7C43 /* Assets.xcassets */ = {isa = PBXFileReference; lastKnownFileType = folder.assetcatalog; path = Assets.xcassets; sourceTree = "<group>"; };
		F7E9658D1F8F719600FA7C43 /* Base */ = {isa = PBXFileReference; lastKnownFileType = file.storyboard; name = Base; path = Base.lproj/LaunchScreen.storyboard; sourceTree = "<group>"; };
		F7E9658F1F8F719600FA7C43 /* Info.plist */ = {isa = PBXFileReference; lastKnownFileType = text.plist.xml; path = Info.plist; sourceTree = "<group>"; };
		F7E965951F8F7A5900FA7C43 /* p2VC.swift */ = {isa = PBXFileReference; lastKnownFileType = sourcecode.swift; path = p2VC.swift; sourceTree = "<group>"; };
		F7E965971F8F9BF000FA7C43 /* p3VC.swift */ = {isa = PBXFileReference; lastKnownFileType = sourcecode.swift; path = p3VC.swift; sourceTree = "<group>"; };
		F7F849E51F909277002BED9E /* p4VC.swift */ = {isa = PBXFileReference; lastKnownFileType = sourcecode.swift; path = p4VC.swift; sourceTree = "<group>"; };
		F7F849E91F90E6A2002BED9E /* p4TVCell.swift */ = {isa = PBXFileReference; lastKnownFileType = sourcecode.swift; path = p4TVCell.swift; sourceTree = "<group>"; };
/* End PBXFileReference section */

/* Begin PBXFrameworksBuildPhase section */
		F7E9657D1F8F719600FA7C43 /* Frameworks */ = {
			isa = PBXFrameworksBuildPhase;
			buildActionMask = 2147483647;
			files = (
				F3A8D775FDE00E68287CDC7E /* Pods_myAppLogin2.framework in Frameworks */,
			);
			runOnlyForDeploymentPostprocessing = 0;
		};
/* End PBXFrameworksBuildPhase section */

/* Begin PBXGroup section */
		1B277B067672D510D9D1D338 /* Frameworks */ = {
			isa = PBXGroup;
			children = (
				17A80B55E46B53764D8C24A9 /* Pods_myAppLogin2.framework */,
			);
			name = Frameworks;
			sourceTree = "<group>";
		};
		DB02330D1F2C04B1EE585D0B /* Pods */ = {
			isa = PBXGroup;
			children = (
				4B0138FDC538EAFC8D783E51 /* Pods-myAppLogin2.debug.xcconfig */,
				13617011EACE0E096D8F6794 /* Pods-myAppLogin2.release.xcconfig */,
			);
			name = Pods;
			sourceTree = "<group>";
		};
		F7E965771F8F719600FA7C43 = {
			isa = PBXGroup;
			children = (
				F7E965821F8F719600FA7C43 /* myAppLogin2 */,
				F7E965811F8F719600FA7C43 /* Products */,
				DB02330D1F2C04B1EE585D0B /* Pods */,
				1B277B067672D510D9D1D338 /* Frameworks */,
			);
			sourceTree = "<group>";
		};
		F7E965811F8F719600FA7C43 /* Products */ = {
			isa = PBXGroup;
			children = (
				F7E965801F8F719600FA7C43 /* myAppLogin2.app */,
			);
			name = Products;
			sourceTree = "<group>";
		};
		F7E965821F8F719600FA7C43 /* myAppLogin2 */ = {
			isa = PBXGroup;
			children = (
				F7CFC9B21F921146007A1C62 /* pin.png */,
				F7E87D9C1F9357B7003EA613 /* GoogleService-Info.plist */,
				F7CFC9AF1F9207E9007A1C62 /* Inceptionv3.mlmodel */,
				F7E965831F8F719600FA7C43 /* AppDelegate.swift */,
				F7E965851F8F719600FA7C43 /* ViewController.swift */,
				F7E965871F8F719600FA7C43 /* Main.storyboard */,
				F7E965951F8F7A5900FA7C43 /* p2VC.swift */,
				F7F849E51F909277002BED9E /* p4VC.swift */,
				F7F849E91F90E6A2002BED9E /* p4TVCell.swift */,
				F7E965971F8F9BF000FA7C43 /* p3VC.swift */,
				F7E87D961F930D00003EA613 /* p5VC.swift */,
				F7E9658A1F8F719600FA7C43 /* Assets.xcassets */,
				F7E9658C1F8F719600FA7C43 /* LaunchScreen.storyboard */,
				F7E9658F1F8F719600FA7C43 /* Info.plist */,
			);
			path = myAppLogin2;
			sourceTree = "<group>";
		};
/* End PBXGroup section */

/* Begin PBXNativeTarget section */
		F7E9657F1F8F719600FA7C43 /* myAppLogin2 */ = {
			isa = PBXNativeTarget;
			buildConfigurationList = F7E965921F8F719600FA7C43 /* Build configuration list for PBXNativeTarget "myAppLogin2" */;
			buildPhases = (
				3C6EE3869FC0F099C11FD97E /* [CP] Check Pods Manifest.lock */,
				F7E9657C1F8F719600FA7C43 /* Sources */,
				F7E9657D1F8F719600FA7C43 /* Frameworks */,
				F7E9657E1F8F719600FA7C43 /* Resources */,
				A653BF49851E105C6C8D7BC2 /* [CP] Embed Pods Frameworks */,
				823D0D01FCA9E2C312824280 /* [CP] Copy Pods Resources */,
			);
			buildRules = (
			);
			dependencies = (
			);
			name = myAppLogin2;
			productName = myAppLogin2;
			productReference = F7E965801F8F719600FA7C43 /* myAppLogin2.app */;
			productType = "com.apple.product-type.application";
		};
/* End PBXNativeTarget section */

/* Begin PBXProject section */
		F7E965781F8F719600FA7C43 /* Project object */ = {
			isa = PBXProject;
			attributes = {
				LastSwiftUpdateCheck = 0900;
				LastUpgradeCheck = 0900;
				ORGANIZATIONNAME = "江禮安";
				TargetAttributes = {
					F7E9657F1F8F719600FA7C43 = {
						CreatedOnToolsVersion = 9.0;
						ProvisioningStyle = Automatic;
						SystemCapabilities = {
							com.apple.BackgroundModes = {
								enabled = 1;
							};
						};
					};
				};
			};
			buildConfigurationList = F7E9657B1F8F719600FA7C43 /* Build configuration list for PBXProject "myAppLogin2" */;
			compatibilityVersion = "Xcode 8.0";
			developmentRegion = en;
			hasScannedForEncodings = 0;
			knownRegions = (
				en,
				Base,
			);
			mainGroup = F7E965771F8F719600FA7C43;
			productRefGroup = F7E965811F8F719600FA7C43 /* Products */;
			projectDirPath = "";
			projectRoot = "";
			targets = (
				F7E9657F1F8F719600FA7C43 /* myAppLogin2 */,
			);
		};
/* End PBXProject section */

/* Begin PBXResourcesBuildPhase section */
		F7E9657E1F8F719600FA7C43 /* Resources */ = {
			isa = PBXResourcesBuildPhase;
			buildActionMask = 2147483647;
			files = (
				F7CFC9B11F92080B007A1C62 /* Inceptionv3.mlmodel in Resources */,
				F7E9658E1F8F719600FA7C43 /* LaunchScreen.storyboard in Resources */,
				F7E9658B1F8F719600FA7C43 /* Assets.xcassets in Resources */,
				F7CFC9B31F92114E007A1C62 /* pin.png in Resources */,
				F7E965891F8F719600FA7C43 /* Main.storyboard in Resources */,
				F7E87D9D1F9357BF003EA613 /* GoogleService-Info.plist in Resources */,
			);
			runOnlyForDeploymentPostprocessing = 0;
		};
/* End PBXResourcesBuildPhase section */

/* Begin PBXShellScriptBuildPhase section */
		3C6EE3869FC0F099C11FD97E /* [CP] Check Pods Manifest.lock */ = {
			isa = PBXShellScriptBuildPhase;
			buildActionMask = 2147483647;
			files = (
			);
			inputPaths = (
				"${PODS_PODFILE_DIR_PATH}/Podfile.lock",
				"${PODS_ROOT}/Manifest.lock",
			);
			name = "[CP] Check Pods Manifest.lock";
			outputPaths = (
				"$(DERIVED_FILE_DIR)/Pods-myAppLogin2-checkManifestLockResult.txt",
			);
			runOnlyForDeploymentPostprocessing = 0;
			shellPath = /bin/sh;
			shellScript = "diff \"${PODS_PODFILE_DIR_PATH}/Podfile.lock\" \"${PODS_ROOT}/Manifest.lock\" > /dev/null\nif [ $? != 0 ] ; then\n    # print error to STDERR\n    echo \"error: The sandbox is not in sync with the Podfile.lock. Run 'pod install' or update your CocoaPods installation.\" >&2\n    exit 1\nfi\n# This output is used by Xcode 'outputs' to avoid re-running this script phase.\necho \"SUCCESS\" > \"${SCRIPT_OUTPUT_FILE_0}\"\n";
			showEnvVarsInLog = 0;
		};
		823D0D01FCA9E2C312824280 /* [CP] Copy Pods Resources */ = {
			isa = PBXShellScriptBuildPhase;
			buildActionMask = 2147483647;
			files = (
			);
			inputPaths = (
			);
			name = "[CP] Copy Pods Resources";
			outputPaths = (
			);
			runOnlyForDeploymentPostprocessing = 0;
			shellPath = /bin/sh;
			shellScript = "\"${SRCROOT}/Pods/Target Support Files/Pods-myAppLogin2/Pods-myAppLogin2-resources.sh\"\n";
			showEnvVarsInLog = 0;
		};
		A653BF49851E105C6C8D7BC2 /* [CP] Embed Pods Frameworks */ = {
			isa = PBXShellScriptBuildPhase;
			buildActionMask = 2147483647;
			files = (
			);
			inputPaths = (
				"${SRCROOT}/Pods/Target Support Files/Pods-myAppLogin2/Pods-myAppLogin2-frameworks.sh",
				"${BUILT_PRODUCTS_DIR}/GoogleToolboxForMac/GoogleToolboxForMac.framework",
				"${BUILT_PRODUCTS_DIR}/leveldb-library/leveldb.framework",
				"${BUILT_PRODUCTS_DIR}/nanopb/nanopb.framework",
			);
			name = "[CP] Embed Pods Frameworks";
			outputPaths = (
				"${TARGET_BUILD_DIR}/${FRAMEWORKS_FOLDER_PATH}/GoogleToolboxForMac.framework",
				"${TARGET_BUILD_DIR}/${FRAMEWORKS_FOLDER_PATH}/leveldb.framework",
				"${TARGET_BUILD_DIR}/${FRAMEWORKS_FOLDER_PATH}/nanopb.framework",
			);
			runOnlyForDeploymentPostprocessing = 0;
			shellPath = /bin/sh;
			shellScript = "\"${SRCROOT}/Pods/Target Support Files/Pods-myAppLogin2/Pods-myAppLogin2-frameworks.sh\"\n";
			showEnvVarsInLog = 0;
		};
/* End PBXShellScriptBuildPhase section */

/* Begin PBXSourcesBuildPhase section */
		F7E9657C1F8F719600FA7C43 /* Sources */ = {
			isa = PBXSourcesBuildPhase;
			buildActionMask = 2147483647;
			files = (
				F7E965861F8F719600FA7C43 /* ViewController.swift in Sources */,
				F7E965981F8F9BF000FA7C43 /* p3VC.swift in Sources */,
				F7E965961F8F7A5900FA7C43 /* p2VC.swift in Sources */,
				F7E87D971F930D00003EA613 /* p5VC.swift in Sources */,
				F7F849EA1F90E6A2002BED9E /* p4TVCell.swift in Sources */,
				F7F849E61F909277002BED9E /* p4VC.swift in Sources */,
				F7E965841F8F719600FA7C43 /* AppDelegate.swift in Sources */,
				F7CFC9B01F9207F6007A1C62 /* Inceptionv3.mlmodel in Sources */,
			);
			runOnlyForDeploymentPostprocessing = 0;
		};
/* End PBXSourcesBuildPhase section */

/* Begin PBXVariantGroup section */
		F7E965871F8F719600FA7C43 /* Main.storyboard */ = {
			isa = PBXVariantGroup;
			children = (
				F7E965881F8F719600FA7C43 /* Base */,
			);
			name = Main.storyboard;
			sourceTree = "<group>";
		};
		F7E9658C1F8F719600FA7C43 /* LaunchScreen.storyboard */ = {
			isa = PBXVariantGroup;
			children = (
				F7E9658D1F8F719600FA7C43 /* Base */,
			);
			name = LaunchScreen.storyboard;
			sourceTree = "<group>";
		};
/* End PBXVariantGroup section */

/* Begin XCBuildConfiguration section */
		F7E965901F8F719600FA7C43 /* Debug */ = {
			isa = XCBuildConfiguration;
			buildSettings = {
				ALWAYS_SEARCH_USER_PATHS = NO;
				CLANG_ANALYZER_NONNULL = YES;
				CLANG_ANALYZER_NUMBER_OBJECT_CONVERSION = YES_AGGRESSIVE;
				CLANG_CXX_LANGUAGE_STANDARD = "gnu++14";
				CLANG_CXX_LIBRARY = "libc++";
				CLANG_ENABLE_MODULES = YES;
				CLANG_ENABLE_OBJC_ARC = YES;
				CLANG_WARN_BLOCK_CAPTURE_AUTORELEASING = YES;
				CLANG_WARN_BOOL_CONVERSION = YES;
				CLANG_WARN_COMMA = YES;
				CLANG_WARN_CONSTANT_CONVERSION = YES;
				CLANG_WARN_DIRECT_OBJC_ISA_USAGE = YES_ERROR;
				CLANG_WARN_DOCUMENTATION_COMMENTS = YES;
				CLANG_WARN_EMPTY_BODY = YES;
				CLANG_WARN_ENUM_CONVERSION = YES;
				CLANG_WARN_INFINITE_RECURSION = YES;
				CLANG_WARN_INT_CONVERSION = YES;
				CLANG_WARN_NON_LITERAL_NULL_CONVERSION = YES;
				CLANG_WARN_OBJC_LITERAL_CONVERSION = YES;
				CLANG_WARN_OBJC_ROOT_CLASS = YES_ERROR;
				CLANG_WARN_RANGE_LOOP_ANALYSIS = YES;
				CLANG_WARN_STRICT_PROTOTYPES = YES;
				CLANG_WARN_SUSPICIOUS_MOVE = YES;
				CLANG_WARN_UNGUARDED_AVAILABILITY = YES_AGGRESSIVE;
				CLANG_WARN_UNREACHABLE_CODE = YES;
				CLANG_WARN__DUPLICATE_METHOD_MATCH = YES;
				CODE_SIGN_IDENTITY = "iPhone Developer";
				COPY_PHASE_STRIP = NO;
				DEBUG_INFORMATION_FORMAT = dwarf;
				ENABLE_STRICT_OBJC_MSGSEND = YES;
				ENABLE_TESTABILITY = YES;
				GCC_C_LANGUAGE_STANDARD = gnu11;
				GCC_DYNAMIC_NO_PIC = NO;
				GCC_NO_COMMON_BLOCKS = YES;
				GCC_OPTIMIZATION_LEVEL = 0;
				GCC_PREPROCESSOR_DEFINITIONS = (
					"DEBUG=1",
					"$(inherited)",
				);
				GCC_WARN_64_TO_32_BIT_CONVERSION = YES;
				GCC_WARN_ABOUT_RETURN_TYPE = YES_ERROR;
				GCC_WARN_UNDECLARED_SELECTOR = YES;
				GCC_WARN_UNINITIALIZED_AUTOS = YES_AGGRESSIVE;
				GCC_WARN_UNUSED_FUNCTION = YES;
				GCC_WARN_UNUSED_VARIABLE = YES;
				IPHONEOS_DEPLOYMENT_TARGET = 11.0;
				MTL_ENABLE_DEBUG_INFO = YES;
				ONLY_ACTIVE_ARCH = YES;
				SDKROOT = iphoneos;
				SWIFT_ACTIVE_COMPILATION_CONDITIONS = DEBUG;
				SWIFT_OPTIMIZATION_LEVEL = "-Onone";
			};
			name = Debug;
		};
		F7E965911F8F719600FA7C43 /* Release */ = {
			isa = XCBuildConfiguration;
			buildSettings = {
				ALWAYS_SEARCH_USER_PATHS = NO;
				CLANG_ANALYZER_NONNULL = YES;
				CLANG_ANALYZER_NUMBER_OBJECT_CONVERSION = YES_AGGRESSIVE;
				CLANG_CXX_LANGUAGE_STANDARD = "gnu++14";
				CLANG_CXX_LIBRARY = "libc++";
				CLANG_ENABLE_MODULES = YES;
				CLANG_ENABLE_OBJC_ARC = YES;
				CLANG_WARN_BLOCK_CAPTURE_AUTORELEASING = YES;
				CLANG_WARN_BOOL_CONVERSION = YES;
				CLANG_WARN_COMMA = YES;
				CLANG_WARN_CONSTANT_CONVERSION = YES;
				CLANG_WARN_DIRECT_OBJC_ISA_USAGE = YES_ERROR;
				CLANG_WARN_DOCUMENTATION_COMMENTS = YES;
				CLANG_WARN_EMPTY_BODY = YES;
				CLANG_WARN_ENUM_CONVERSION = YES;
				CLANG_WARN_INFINITE_RECURSION = YES;
				CLANG_WARN_INT_CONVERSION = YES;
				CLANG_WARN_NON_LITERAL_NULL_CONVERSION = YES;
				CLANG_WARN_OBJC_LITERAL_CONVERSION = YES;
				CLANG_WARN_OBJC_ROOT_CLASS = YES_ERROR;
				CLANG_WARN_RANGE_LOOP_ANALYSIS = YES;
				CLANG_WARN_STRICT_PROTOTYPES = YES;
				CLANG_WARN_SUSPICIOUS_MOVE = YES;
				CLANG_WARN_UNGUARDED_AVAILABILITY = YES_AGGRESSIVE;
				CLANG_WARN_UNREACHABLE_CODE = YES;
				CLANG_WARN__DUPLICATE_METHOD_MATCH = YES;
				CODE_SIGN_IDENTITY = "iPhone Developer";
				COPY_PHASE_STRIP = NO;
				DEBUG_INFORMATION_FORMAT = "dwarf-with-dsym";
				ENABLE_NS_ASSERTIONS = NO;
				ENABLE_STRICT_OBJC_MSGSEND = YES;
				GCC_C_LANGUAGE_STANDARD = gnu11;
				GCC_NO_COMMON_BLOCKS = YES;
				GCC_WARN_64_TO_32_BIT_CONVERSION = YES;
				GCC_WARN_ABOUT_RETURN_TYPE = YES_ERROR;
				GCC_WARN_UNDECLARED_SELECTOR = YES;
				GCC_WARN_UNINITIALIZED_AUTOS = YES_AGGRESSIVE;
				GCC_WARN_UNUSED_FUNCTION = YES;
				GCC_WARN_UNUSED_VARIABLE = YES;
				IPHONEOS_DEPLOYMENT_TARGET = 11.0;
				MTL_ENABLE_DEBUG_INFO = NO;
				SDKROOT = iphoneos;
				SWIFT_OPTIMIZATION_LEVEL = "-Owholemodule";
				VALIDATE_PRODUCT = YES;
			};
			name = Release;
		};
		F7E965931F8F719600FA7C43 /* Debug */ = {
			isa = XCBuildConfiguration;
			baseConfigurationReference = 4B0138FDC538EAFC8D783E51 /* Pods-myAppLogin2.debug.xcconfig */;
			buildSettings = {
				ASSETCATALOG_COMPILER_APPICON_NAME = AppIcon;
				CODE_SIGN_STYLE = Automatic;
				DEVELOPMENT_TEAM = Q93W45466P;
				INFOPLIST_FILE = myAppLogin2/Info.plist;
				LD_RUNPATH_SEARCH_PATHS = "$(inherited) @executable_path/Frameworks";
				PRODUCT_BUNDLE_IDENTIFIER = tw.org.iiiedu.taichung.1myAppLogin2;
				PRODUCT_NAME = "$(TARGET_NAME)";
				SWIFT_VERSION = 4.0;
				TARGETED_DEVICE_FAMILY = "1,2";
			};
			name = Debug;
		};
		F7E965941F8F719600FA7C43 /* Release */ = {
			isa = XCBuildConfiguration;
			baseConfigurationReference = 13617011EACE0E096D8F6794 /* Pods-myAppLogin2.release.xcconfig */;
			buildSettings = {
				ASSETCATALOG_COMPILER_APPICON_NAME = AppIcon;
				CODE_SIGN_STYLE = Automatic;
				DEVELOPMENT_TEAM = Q93W45466P;
				INFOPLIST_FILE = myAppLogin2/Info.plist;
				LD_RUNPATH_SEARCH_PATHS = "$(inherited) @executable_path/Frameworks";
				PRODUCT_BUNDLE_IDENTIFIER = tw.org.iiiedu.taichung.1myAppLogin2;
				PRODUCT_NAME = "$(TARGET_NAME)";
				SWIFT_VERSION = 4.0;
				TARGETED_DEVICE_FAMILY = "1,2";
			};
			name = Release;
		};
/* End XCBuildConfiguration section */

/* Begin XCConfigurationList section */
		F7E9657B1F8F719600FA7C43 /* Build configuration list for PBXProject "myAppLogin2" */ = {
			isa = XCConfigurationList;
			buildConfigurations = (
				F7E965901F8F719600FA7C43 /* Debug */,
				F7E965911F8F719600FA7C43 /* Release */,
			);
			defaultConfigurationIsVisible = 0;
			defaultConfigurationName = Release;
		};
		F7E965921F8F719600FA7C43 /* Build configuration list for PBXNativeTarget "myAppLogin2" */ = {
			isa = XCConfigurationList;
			buildConfigurations = (
				F7E965931F8F719600FA7C43 /* Debug */,
				F7E965941F8F719600FA7C43 /* Release */,
			);
			defaultConfigurationIsVisible = 0;
			defaultConfigurationName = Release;
		};
/* End XCConfigurationList section */
	};
	rootObject = F7E965781F8F719600FA7C43 /* Project object */;
}
